# This file is automatically @generated by Cargo.
# It is not intended for manual editing.
version = 4

[[package]]
name = "qubit-fs"
version = "0.2.0"
dependencies = [
 "qubit-io",
]

[[package]]
name = "qubit-fs-testkit"
version = "0.1.0"
dependencies = [
 "qubit-fs",
 "qubit-io",
]

[[package]]
name = "qubit-io"
version = "0.14.0"
